
Microsoft Visual Studio Solution File, Format Version 12.00
# Visual Studio Version 17
VisualStudioVersion = 17.5.33516.290
MinimumVisualStudioVersion = 10.0.40219.1
Project("{FAE04EC0-301F-11D3-BF4B-00C04F79EFBC}") = "EXIFDataParser", "EXIFDataParser.csproj", "{CDD3DCF5-77D5-46BC-9B96-FE14FFF46698}"
EndProject
Global
	GlobalSection(SolutionConfigurationPlatforms) = preSolution
		Debug|Any CPU = Debug|Any CPU
		Release|Any CPU = Release|Any CPU
	EndGlobalSection
	GlobalSection(ProjectConfigurationPlatforms) = postSolution
		{CDD3DCF5-77D5-46BC-9B96-FE14FFF46698}.Debug|Any CPU.ActiveCfg = Debug|Any CPU
		{CDD3DCF5-77D5-46BC-9B96-FE14FFF46698}.Debug|Any CPU.Build.0 = Debug|Any CPU
		{CDD3DCF5-77D5-46BC-9B96-FE14FFF46698}.Release|Any CPU.ActiveCfg = Release|Any CPU
		{CDD3DCF5-77D5-46BC-9B96-FE14FFF46698}.Release|Any CPU.Build.0 = Release|Any CPU
	EndGlobalSection
	GlobalSection(SolutionProperties) = preSolution
		HideSolutionNode = FALSE
	EndGlobalSection
	GlobalSection(ExtensibilityGlobals) = postSolution
		SolutionGuid = {27A85BD2-217B-4BB6-82A6-A8CF72E6043B}
	EndGlobalSection
EndGlobal
